version = 1
revision = 3
requires-python = "==3.13.*"

[[package]]
name = "colorama"
version = "0.4.6"
source = { registry = "https://pypi.org/simple" }
sdist = { url = "https://files.pythonhosted.org/packages/d8/53/6f443c9a4a8358a93a6792e2acffb9d9d5cb0a5cfd8802644b7b1c9a02e4/colorama-0.4.6.tar.gz", hash = "sha256:08695f5cb7ed6e0531a20572697297273c47b8cae5a63ffc6d6ed5c201be6e44", size = 27697, upload-time = "2022-10-25T02:36:22.414Z" }
wheels = [
    { url = "https://files.pythonhosted.org/packages/d1/d6/3965ed04c63042e047cb6a3e6ed1a63a35087b6a609aa3a15ed8ac56c221/colorama-0.4.6-py2.py3-none-any.whl", hash = "sha256:4f1d9991f5acc0ca119f9d443620b77f9d6b33703e51011c16baf57afb285fc6", size = 25335, upload-time = "2022-10-25T02:36:20.889Z" },
]

[[package]]
name = "coverage"
version = "7.15.4"
source = { registry = "https://pypi.org/simple" }
sdist = { url = "https://files.pythonhosted.org/packages/be/c3/4f2195f512fb172aa425a8803a874b2baa9ba7f80ff7b6080998761fc701/coverage-7.15.4.tar.gz", hash = "sha256:0548198fff07ccf4faf469520bce1c2eceb1ce3e62891921138dec10907f9d00", size = 936952, upload-time = "2026-08-06T13:50:24.442Z" }
wheels = [
    { url = "https://files.pythonhosted.org/packages/f1/84/651a9310859673aaa3b3203f1aa1641ca60fcf2494683e1c9474c7172780/coverage-7.15.4-cp313-cp313-macosx_10_13_x86_64.whl", hash = "sha256:c705b28feb2775dc82a25f1d473a370bc37ff93f5177f4e29ce2425f560f6921", size = 222565, upload-time = "2026-08-06T13:48:00.796Z" },
    { url = "https://files.pythonhosted.org/packages/82/f9/4dcf700137e8af550670f4d74d1b63828ce93e1e2b05e5f10710eb2ea987/coverage-7.15.4-cp313-cp313-macosx_11_0_arm64.whl", hash = "sha256:3ff205ab5e3ecc670f6a4dd19d9cbf12ede53dd41cfc1e15716ec961ea6d314e", size = 222936, upload-time = "2026-08-06T13:48:02.391Z" },
    { url = "https://files.pythonhosted.org/packages/07/4a/612ff1e780b3fbfd637486f542f84adc5503873d8b5d279dec1ffeef9414/coverage-7.15.4-cp313-cp313-manylinux1_i686.manylinux_2_28_i686.manylinux_2_5_i686.whl", hash = "sha256:5172326e861a38b48b48befca15e0f477a26b283337a33a739c8fed229934e36", size = 253926, upload-time = "2026-08-06T13:48:04.382Z" },
    { url = "https://files.pythonhosted.org/packages/b0/04/d1cff1c2ead4708a6a79c01d3736b6a25bd38a36678398f72a8dd33dfad9/coverage-7.15.4-cp313-cp313-manylinux1_x86_64.manylinux_2_28_x86_64.manylinux_2_5_x86_64.whl", hash = "sha256:12b59c90084e3234fb11184886bf4a40f4f16a8c8f867be2e087b81f8e8868d4", size = 256523, upload-time = "2026-08-06T13:48:05.996Z" },
    { url = "https://files.pythonhosted.org/packages/b9/80/d34e13fb4b293cbdb9665838cf5522077b8ad14ef947550631a4bced36a5/coverage-7.15.4-cp313-cp313-manylinux2014_aarch64.manylinux_2_17_aarch64.manylinux_2_28_aarch64.whl", hash = "sha256:349062d66f00b40fa2c1c222438bad25fabf755631b5d82937fe985c8008615c", size = 257759, upload-time = "2026-08-06T13:48:08.036Z" },
    { url = "https://files.pythonhosted.org/packages/0f/e7/2c5fe7636fdb0732fe0f09f308a5b066864078b7fc61f6678e8478554f2e/coverage-7.15.4-cp313-cp313-manylinux2014_ppc64le.manylinux_2_17_ppc64le.manylinux_2_28_ppc64le.whl", hash = "sha256:4256ced708e598e05209bc1a8ab4074e04a51dba4c62fb45926a229af675ace7", size = 259890, upload-time = "2026-08-06T13:48:09.834Z" },
    { url = "https://files.pythonhosted.org/packages/92/28/9689f0858dfff59c2ea688938ab9fa2925631235df67126a42b6c5c70ae1/coverage-7.15.4-cp313-cp313-manylinux_2_31_riscv64.manylinux_2_39_riscv64.whl", hash = "sha256:d80f974b20782d9612c8b4c9beeca867074c7cf4079d1419843fa25a26428b25", size = 254121, upload-time = "2026-08-06T13:48:11.459Z" },
    { url = "https://files.pythonhosted.org/packages/f9/e2/785077c230c157243eb5aa9a26c3be260ecd02001bead54a3cada3df8e03/coverage-7.15.4-cp313-cp313-musllinux_1_2_aarch64.whl", hash = "sha256:2e179f19bfe1d31f8eeeaa12990194d761c4f62f0759661000bca6cd8729f40b", size = 255891, upload-time = "2026-08-06T13:48:13.209Z" },
    { url = "https://files.pythonhosted.org/packages/d4/90/e20371b17b40f912f21305c2db2f30efa3de306f7320fc916804872c85a4/coverage-7.15.4-cp313-cp313-musllinux_1_2_i686.whl", hash = "sha256:8bc16bb47b7679670eceff71d78bfb7d6e5b143f6c2cd117487ec7c75e0d4b78", size = 253859, upload-time = "2026-08-06T13:48:14.736Z" },
    { url = "https://files.pythonhosted.org/packages/05/49/25371987ee459a5f67c0427fb75c74f9358e65f2c71fe75bf41c1b6c5fcb/coverage-7.15.4-cp313-cp313-musllinux_1_2_ppc64le.whl", hash = "sha256:1cd685005cd2c4200adfc14cf39a603b9320efab3f18a8f7f156d20c9cc3345f", size = 258011, upload-time = "2026-08-06T13:48:16.464Z" },
    { url = "https://files.pythonhosted.org/packages/30/6e/32e67467f6154bf4f1c4f63b05acc5097cba4237d45bbeeea446b52e8ac1/coverage-7.15.4-cp313-cp313-musllinux_1_2_riscv64.whl", hash = "sha256:337399ad2c93b3acd2a937627dae8b3e86b66707cd3d3e856347999aadf1ef8d", size = 253676, upload-time = "2026-08-06T13:48:18.493Z" },
    { url = "https://files.pythonhosted.org/packages/03/c1/8b24192e89286399765155251f99ee9f070a9d637109018ac23d99b99f6f/coverage-7.15.4-cp313-cp313-musllinux_1_2_x86_64.whl", hash = "sha256:96e257121228ec5cd2bb919276e94ac11074471bc37d68dbae0e8308cce15fff", size = 255453, upload-time = "2026-08-06T13:48:20.057Z" },
    { url = "https://files.pythonhosted.org/packages/16/6f/8b41ebdf67c87854e17c035336a90f1cfbad0c14c2a584301be6ff148718/coverage-7.15.4-cp313-cp313-win32.whl", hash = "sha256:c65a9e0dfc6143491879da4e13b5e30f8be192055de508d737fb14601edbd22c", size = 224605, upload-time = "2026-08-06T13:48:21.655Z" },
    { url = "https://files.pythonhosted.org/packages/e0/e2/2946c7f0b42b152ecb21ff1bdad72e3d301e790c0c487e4a86e8c9f69347/coverage-7.15.4-cp313-cp313-win_amd64.whl", hash = "sha256:2ff8f5e9b8f7a94f0c11c45631eee103dbcb7d63274edd12c56efe1be690b3b4", size = 225148, upload-time = "2026-08-06T13:48:23.376Z" },
    { url = "https://files.pythonhosted.org/packages/9e/83/3f4a69957f48ae7a0aba76c34743f88963d607b19e03f3f8e66f91cae0f9/coverage-7.15.4-cp313-cp313-win_arm64.whl", hash = "sha256:6e0a8a5083b096487d6cfced94cdd514d8f5db6f113610fb36c0620edb1028cf", size = 224536, upload-time = "2026-08-06T13:48:25.117Z" },
    { url = "https://files.pythonhosted.org/packages/b4/d9/e70c286c979378f061d8266e279b686ab0b0b688e1fe0af864684f23a77d/coverage-7.15.4-py3-none-any.whl", hash = "sha256:964730a1e9de9c0cf11be6a1a3c79ce419c34882842abd256086ba4698705e84", size = 214332, upload-time = "2026-08-06T13:50:22.192Z" },
]

[[package]]
name = "hypothesis"
version = "6.165.10"
source = { registry = "https://pypi.org/simple" }
dependencies = [
    { name = "sortedcontainers" },
]
sdist = { url = "https://files.pythonhosted.org/packages/5c/e2/0fad246d2b6330e1f78479bfc566b5c22be82aee8a865cde9a08f648487d/hypothesis-6.165.10.tar.gz", hash = "sha256:68b45e09834cd80523cb1eb274463073c7a9af4e4ef7cff34d9615f355572d32", size = 503703, upload-time = "2026-08-16T22:56:15.404Z" }
wheels = [
    { url = "https://files.pythonhosted.org/packages/05/c1/9a9538e6d185baf5cc7f15bc3b76e08efbb3de4b3c782f234356449c0dd7/hypothesis-6.165.10-cp310-abi3-macosx_10_12_x86_64.whl", hash = "sha256:f839d29d0cc12048cf073d88ca4fdf94d420bc2b8afd69641ff6d496422ccd4f", size = 783243, upload-time = "2026-08-16T22:55:44.058Z" },
    { url = "https://files.pythonhosted.org/packages/a1/30/b70d9d79e871a75cbdeccd9067f20ecdb9eb2a1dfa03c630be3ad13b8b30/hypothesis-6.165.10-cp310-abi3-macosx_11_0_arm64.whl", hash = "sha256:e10858f57ed0e74baa04393845f469fe8ad502c16ece4499bef7700c575611bd", size = 778815, upload-time = "2026-08-16T22:55:46.948Z" },
    { url = "https://files.pythonhosted.org/packages/db/52/6f0a9b7aab24b0635e2238f3fbddea5b54b17879ac813df42a3cc3384c5c/hypothesis-6.165.10-cp310-abi3-manylinux_2_17_aarch64.manylinux2014_aarch64.whl", hash = "sha256:76a7be86d986223b9f1bdb7e7cbcdb048649901fdb956c598ef73bdab1786cd5", size = 1108009, upload-time = "2026-08-16T22:54:53.082Z" },
    { url = "https://files.pythonhosted.org/packages/f6/06/8d0d4e11ff02350d09ec9f9e90af354158e59e16a8907ba5199a4ff2d7e8/hypothesis-6.165.10-cp310-abi3-manylinux_2_17_armv7l.manylinux2014_armv7l.whl", hash = "sha256:717aea574e0e5edba2868aa66b1caae335d8f1ad3fb29f01dd6502953fa823a1", size = 1136596, upload-time = "2026-08-16T22:54:54.443Z" },
    { url = "https://files.pythonhosted.org/packages/59/dd/01a1e440f2e38dc1ccf5d597af5b8a0bee5f21b674c99c123b5554de9690/hypothesis-6.165.10-cp310-abi3-manylinux_2_17_ppc64le.manylinux2014_ppc64le.whl", hash = "sha256:4334058033e0214475f019e15492a50f3854fe8728cf51fe25c6191a2c3f8e52", size = 1135234, upload-time = "2026-08-16T22:55:08.911Z" },
    { url = "https://files.pythonhosted.org/packages/7d/18/8a26c24d3d9db20265f39df341ab265858c094e209571e3179cf237935f4/hypothesis-6.165.10-cp310-abi3-manylinux_2_17_x86_64.manylinux2014_x86_64.whl", hash = "sha256:2abb50cf1cf77d721de0a24c3f99d9c4ffdeb2cbd1e12aebb5a7a93e2b6b6d1f", size = 1157528, upload-time = "2026-08-16T22:56:02.159Z" },
    { url = "https://files.pythonhosted.org/packages/ea/8e/ce3c829b1937402d7944420ca26a05a0c8563e894dcff03d34ffa279d306/hypothesis-6.165.10-cp310-abi3-manylinux_2_31_riscv64.whl", hash = "sha256:3de69aa8b924b400291a3cc42aaf78e6ab65c905a3e7e1a5dc39d95ef1b428cb", size = 1112870, upload-time = "2026-08-16T22:54:55.919Z" },
    { url = "https://files.pythonhosted.org/packages/f2/1b/4c4926d6c9a2b5d7cc090cc1e91219d6796102aa2a2c4b8f961c939e60b5/hypothesis-6.165.10-cp310-abi3-manylinux_2_5_i686.manylinux1_i686.whl", hash = "sha256:5841331c504e02d7c334591681cb8587cdd59dee7e149db6d3db8e3f9e9f02eb", size = 1149683, upload-time = "2026-08-16T22:55:30.567Z" },
    { url = "https://files.pythonhosted.org/packages/cb/f9/df24eb28412f82465e2b7707f0ff1ec274d580bce389d4d9156617dc7bba/hypothesis-6.165.10-cp310-abi3-musllinux_1_2_aarch64.whl", hash = "sha256:2d0e0f8263d34dd8fa3b39eaa9a50bba56a8470b3dd9ebf6672d10840abe063e", size = 1283402, upload-time = "2026-08-16T22:54:18.054Z" },
    { url = "https://files.pythonhosted.org/packages/4d/07/c2b2a761300cf60b90ccebba4328175331e67d34f4fbd39429a7ddcdce49/hypothesis-6.165.10-cp310-abi3-musllinux_1_2_armv7l.whl", hash = "sha256:0c4e6869817c3cfdf5a2b4d348497b95159bdecb3365be732c9b8570e36a4eef", size = 1409948, upload-time = "2026-08-16T22:54:22.343Z" },
    { url = "https://files.pythonhosted.org/packages/f4/ec/1c2bf1acdd0e273d81f833f85caf0ae5423db68a783554992fca36e6c541/hypothesis-6.165.10-cp310-abi3-musllinux_1_2_ppc64le.whl", hash = "sha256:9f07ae36c3b093e13687a894e79fe69e98a94c0b67fef656c575247682218143", size = 1265023, upload-time = "2026-08-16T22:54:41.402Z" },
    { url = "https://files.pythonhosted.org/packages/3d/a8/7f984908b7391160c7801b84e51ca8e4ba88c89e8d8811aa1aa7c03de73c/hypothesis-6.165.10-cp310-abi3-musllinux_1_2_riscv64.whl", hash = "sha256:aff1f584c9538e8979cd180b1d70bf99bc16be19d4666414f49e5942b21a4f2c", size = 1282698, upload-time = "2026-08-16T22:56:06.998Z" },
    { url = "https://files.pythonhosted.org/packages/48/78/3a5d91c2d0250521736c42dfa2402b75049bc5fe2fb716c10bc84bb91ed1/hypothesis-6.165.10-cp310-abi3-musllinux_1_2_x86_64.whl", hash = "sha256:1f2c4db25fb8ec1a16a8dba580666337b8ffb1887c4cf1750cc954313897cef7", size = 1324816, upload-time = "2026-08-16T22:54:46.675Z" },
    { url = "https://files.pythonhosted.org/packages/6f/99/27450763853a034bca1574d3e0a315164b33ff49c3862df6872dda45e25e/hypothesis-6.165.10-cp310-abi3-win32.whl", hash = "sha256:b33dc30170a7402e03c180f2c5ef69dc077152f35b91621e9cebcde9c7d71746", size = 669039, upload-time = "2026-08-16T22:55:11.962Z" },
    { url = "https://files.pythonhosted.org/packages/2c/fc/ff2988b72b5705ad9ca500444bf3f43e3c2f41edfa034bbfeb23b215791a/hypothesis-6.165.10-cp310-abi3-win_amd64.whl", hash = "sha256:e9f924aa610c0618445e1e8738c822c3190ce2a2699a0cb48ec3a351a96761f2", size = 675213, upload-time = "2026-08-16T22:55:01.697Z" },
    { url = "https://files.pythonhosted.org/packages/c5/8b/821810d36f78d9d9421cd2c5d9d36983b45bb3575c3086276cc5c76f9f73/hypothesis-6.165.10-cp310-abi3-win_arm64.whl", hash = "sha256:1d305448e9bd8e2f4f3cea0eafd809efdaab4e998a0019bc615650c8463e42f1", size = 673537, upload-time = "2026-08-16T22:54:47.898Z" },
    { url = "https://files.pythonhosted.org/packages/b1/fb/c82c5bd92864ffcf319772fedc8c9bf2dbe4ca14baa0fee6e49e67b5ba1c/hypothesis-6.165.10-cp313-cp313-macosx_10_12_x86_64.whl", hash = "sha256:9d77c3be7b429875036ad0f0597c6e5cc6bb17894a4da005e3807de64d2673ad", size = 784726, upload-time = "2026-08-16T22:54:32.371Z" },
    { url = "https://files.pythonhosted.org/packages/0e/b9/3d7acd08506da85557e65147b7f3fca8c47684e33be90bee0acb523920db/hypothesis-6.165.10-cp313-cp313-macosx_11_0_arm64.whl", hash = "sha256:490c56b830772b0eca3b4b2cecb3741a1ed26b1d7206a279e1525dbf0aa95ee4", size = 776375, upload-time = "2026-08-16T22:55:13.303Z" },
    { url = "https://files.pythonhosted.org/packages/38/6b/922e8b3f9a706dd89d440b9545d2c6231c65e74da1c1fee3ff36c251b9c4/hypothesis-6.165.10-cp313-cp313-manylinux_2_17_aarch64.manylinux2014_aarch64.whl", hash = "sha256:ed68e27b8a61e57a3ccdc7c5a14499e00b54dfe223087204d5d40b3b5ef58b6d", size = 1106763, upload-time = "2026-08-16T22:55:06.129Z" },
    { url = "https://files.pythonhosted.org/packages/01/39/f5b9a5d390d4edd1ad472334493ac442963ebeb4daaa74ff4bdac6ef292f/hypothesis-6.165.10-cp313-cp313-manylinux_2_17_x86_64.manylinux2014_x86_64.whl", hash = "sha256:6caadcd1afb62630ff5c5ff353626eaa616553a5971295ad6dc2b19ca8a39620", size = 1156778, upload-time = "2026-08-16T22:54:33.824Z" },
    { url = "https://files.pythonhosted.org/packages/b5/5f/5fbe1be4326337fd6acefe2d18ed44007ee1dc1f98fe5b3c0eb22942364d/hypothesis-6.165.10-cp313-cp313-musllinux_1_2_aarch64.whl", hash = "sha256:d9145fe43ebb22e66672967c3fab411793b226ed776e4fe282271bca6ad3c0bb", size = 1280756, upload-time = "2026-08-16T22:55:54.834Z" },
    { url = "https://files.pythonhosted.org/packages/25/c0/cf6f9e1ef632a1a75694eed0db3a02e6fc75c367a363e94acee52f043c64/hypothesis-6.165.10-cp313-cp313-musllinux_1_2_x86_64.whl", hash = "sha256:79900a9920a0b1d3a626c03a90ac6bf7042e78d46906a565b86a0dbe926f1d96", size = 1323889, upload-time = "2026-08-16T22:55:56.567Z" },
    { url = "https://files.pythonhosted.org/packages/cc/cc/662b94880f260b0a88de1fdcf60fc9984f6e2a796da549542adc10a7bc83/hypothesis-6.165.10-cp313-cp313-win_amd64.whl", hash = "sha256:c01dd04044c472e47193b54f68e84e08d6ebf4f29551885aa959b015f7cd9747", size = 672346, upload-time = "2026-08-16T22:56:03.792Z" },
    { url = "https://files.pythonhosted.org/packages/47/fd/985aa564d6ffd06483d45a62b40d319df0a703cd8bc1d041de17d102fbaa/hypothesis-6.165.10-cp315-abi3.abi3t-macosx_10_12_x86_64.whl", hash = "sha256:eeab73050ea58c13dd56e329f594c1dfe32ebd7bb169bbdf4f8ceefbc31ec6b5", size = 782882, upload-time = "2026-08-16T22:55:37.93Z" },
    { url = "https://files.pythonhosted.org/packages/f8/2c/6cc11151e450f72353a490940cd0db704680d07b78dc75dcc9f480e0d0e1/hypothesis-6.165.10-cp315-abi3.abi3t-macosx_11_0_arm64.whl", hash = "sha256:4c68e983d0007d014bb01ad4bcbba78bc432c73a1755ff36d5102ceefa18299a", size = 774584, upload-time = "2026-08-16T22:55:51.822Z" },
    { url = "https://files.pythonhosted.org/packages/10/39/ef26fa79c1738dfe9cdb1a3584fb6717d26429ca6c9d011cc4fdf08130c2/hypothesis-6.165.10-cp315-abi3.abi3t-manylinux_2_17_aarch64.manylinux2014_aarch64.whl", hash = "sha256:7730d8197086f65d8969a991d6728a1d420a51b19fea06535c896cb43a1e05d0", size = 1104876, upload-time = "2026-08-16T22:54:58.937Z" },
    { url = "https://files.pythonhosted.org/packages/4e/f4/3fcc84e7637f42bf00d987093b9418083ac8db81b87392608a60f4b7c5fd/hypothesis-6.165.10-cp315-abi3.abi3t-manylinux_2_17_armv7l.manylinux2014_armv7l.whl", hash = "sha256:7a7980a898a3e6ebe4de1896a0507e3d519edb53fb9b4bda478c9fbeb6514558", size = 1133353, upload-time = "2026-08-16T22:54:28.635Z" },
    { url = "https://files.pythonhosted.org/packages/35/59/21c5c14179c38f8d0de3560e7f1825c083311b3013b63f817d7dc78dfcbd/hypothesis-6.165.10-cp315-abi3.abi3t-manylinux_2_17_ppc64le.manylinux2014_ppc64le.whl", hash = "sha256:b5820d009aedb7ae9cfd32f98b1ab0c0bbd6268379c4fab042218b6b655c63f8", size = 1132300, upload-time = "2026-08-16T22:56:08.539Z" },
    { url = "https://files.pythonhosted.org/packages/14/af/fbb56059961e416b2de7b9dc5352db2e8572bd5ea46892957e4c1e5548ab/hypothesis-6.165.10-cp315-abi3.abi3t-manylinux_2_17_x86_64.manylinux2014_x86_64.whl", hash = "sha256:37a7ac3d34220800e1107871cc391bca1b00439875925d7d821878b8b791f245", size = 1155175, upload-time = "2026-08-16T22:55:19.824Z" },
    { url = "https://files.pythonhosted.org/packages/0f/53/77fb0c2dad445858555429c4e06cf94a59ae8d2407dd6426b5af97c84828/hypothesis-6.165.10-cp315-abi3.abi3t-manylinux_2_31_riscv64.whl", hash = "sha256:dafa7c9dbe3d802f9bcdf261b29c8a70700fb22839947f06e471f62c46b6257f", size = 1109881, upload-time = "2026-08-16T22:55:32.029Z" },
    { url = "https://files.pythonhosted.org/packages/a8/7b/d187f673ff30e6ada640953636f978ffe64a6332f756b64163c2277f8d0c/hypothesis-6.165.10-cp315-abi3.abi3t-manylinux_2_5_i686.manylinux1_i686.whl", hash = "sha256:90915635b9648071129b0f72c0673cf8eac9eb84cfd445c5bedef30c714b1ec2", size = 1144963, upload-time = "2026-08-16T22:56:13.428Z" },
    { url = "https://files.pythonhosted.org/packages/e0/60/31d504e364134d60af23e5f6365db0da3cf4a51b3ed3d4836e5a2cff12cf/hypothesis-6.165.10-cp315-abi3.abi3t-musllinux_1_2_aarch64.whl", hash = "sha256:e1bbeb7c506b07ee0422cf9b2f7212fefa4240957f03526d38d27bc6743a0a48", size = 1278684, upload-time = "2026-08-16T22:55:22.971Z" },
    { url = "https://files.pythonhosted.org/packages/ef/e6/89d26834a08c02f8da149e541dd40d7a96f68d9722f43146e69a77436ed7/hypothesis-6.165.10-cp315-abi3.abi3t-musllinux_1_2_armv7l.whl", hash = "sha256:2b36aaffc88625a44f91074c5bbedfdefb9b376c38d1b3c342edcd2e4c8ed16c", size = 1407202, upload-time = "2026-08-16T22:55:14.949Z" },
    { url = "https://files.pythonhosted.org/packages/dc/61/20d1e72246867ea195440092e8bb422c7ddc2f271b87b5b65679d5532719/hypothesis-6.165.10-cp315-abi3.abi3t-musllinux_1_2_ppc64le.whl", hash = "sha256:18a3ea838ddea183388f8788750afa8494d79abb5358823be9782585f34445d3", size = 1261395, upload-time = "2026-08-16T22:56:05.448Z" },
    { url = "https://files.pythonhosted.org/packages/2a/9b/ebab6c3c2b90a16abb4119198178652d12aff83cc8ec2cfde5276c69fb1e/hypothesis-6.165.10-cp315-abi3.abi3t-musllinux_1_2_riscv64.whl", hash = "sha256:2a2567b3a03a4a5a7c575c191cfcce321a967df3727803817e75bffbbeaecabe", size = 1279213, upload-time = "2026-08-16T22:55:35.066Z" },
    { url = "https://files.pythonhosted.org/packages/23/78/69b219b524231d36eb20c792e1f01e7cb037e02bd0af1c29f77ed9a969c0/hypothesis-6.165.10-cp315-abi3.abi3t-musllinux_1_2_x86_64.whl", hash = "sha256:8001925fa3dde51cb574e4c9de4c7efe77c4e4d64bd2fd2ef61d5651f9d04f3d", size = 1322367, upload-time = "2026-08-16T22:54:21.279Z" },
    { url = "https://files.pythonhosted.org/packages/55/63/ad5cc153dcc72ae5e7905fb9b3585f3e48ce892a2d6366f90163e867a69d/hypothesis-6.165.10-cp315-abi3.abi3t-win32.whl", hash = "sha256:c6559380469295c4009215fe1cab561301591a3bee2e2fb3f4f96d2273a3affc", size = 666038, upload-time = "2026-08-16T22:56:11.797Z" },
    { url = "https://files.pythonhosted.org/packages/80/32/b62307b73fbc99f0a4381d6f9456df76fbcbb7a27ef7256e26f0376f48ea/hypothesis-6.165.10-cp315-abi3.abi3t-win_amd64.whl", hash = "sha256:30797f20ca45e57f526d2df872f63ba453cb4e1091ad542184a7a951af8da79d", size = 671941, upload-time = "2026-08-16T22:55:00.235Z" },
    { url = "https://files.pythonhosted.org/packages/c2/dd/e0f98add0548ef73ea7afac45da1fb8efc854d7f9931db568754d0f963f3/hypothesis-6.165.10-cp315-abi3.abi3t-win_arm64.whl", hash = "sha256:c53e9b1c36350df9965ec44d6c0d4e0bbbb38f720dd2b0e1256dc6524d411015", size = 669931, upload-time = "2026-08-16T22:55:50.205Z" },
]

[[package]]
name = "iniconfig"
version = "2.3.0"
source = { registry = "https://pypi.org/simple" }
sdist = { url = "https://files.pythonhosted.org/packages/72/34/14ca021ce8e5dfedc35312d08ba8bf51fdd999c576889fc2c24cb97f4f10/iniconfig-2.3.0.tar.gz", hash = "sha256:c76315c77db068650d49c5b56314774a7804df16fee4402c1f19d6d15d8c4730", size = 20503, upload-time = "2025-10-18T21:55:43.219Z" }
wheels = [
    { url = "https://files.pythonhosted.org/packages/cb/b1/3846dd7f199d53cb17f49cba7e651e9ce294d8497c8c150530ed11865bb8/iniconfig-2.3.0-py3-none-any.whl", hash = "sha256:f631c04d2c48c52b84d0d0549c99ff3859c98df65b3101406327ecc7d53fbf12", size = 7484, upload-time = "2025-10-18T21:55:41.639Z" },
]

[[package]]
name = "librt"
version = "0.15.0"
source = { registry = "https://pypi.org/simple" }
sdist = { url = "https://files.pythonhosted.org/packages/36/9b/356320fbae2ac8467e21c5e73e1389c80468e4998c62cc7d3536cc51b614/librt-0.15.0.tar.gz", hash = "sha256:4e66cbe84437497d951b799d3e1551291b6fb3d643820a7014b3655d57a59162", size = 214338, upload-time = "2026-08-07T10:49:42.663Z" }
wheels = [
    { url = "https://files.pythonhosted.org/packages/e7/42/467b53a601b406ccd7b97c1fd54b59cb34f9185ad5ce7e9d5c3c4e8961c8/librt-0.15.0-cp313-cp313-macosx_10_13_x86_64.whl", hash = "sha256:db13ca398005abcbe538deda87b686d9bd08b7001cf40c4c06b444960ae10a26", size = 151029, upload-time = "2026-08-07T10:47:19.312Z" },
    { url = "https://files.pythonhosted.org/packages/3e/e6/36c2299b7a94b84fdd01220d8a777a71be5be0925bb0dbdf71c0a06a34d9/librt-0.15.0-cp313-cp313-macosx_11_0_arm64.whl", hash = "sha256:aa1f1995789dca3698bc550aaceb09a51bd5df0a057ff84ff15296cd1975b801", size = 155194, upload-time = "2026-08-07T10:47:20.398Z" },
    { url = "https://files.pythonhosted.org/packages/c9/b6/ed5071f9325845e670bd36012757419767fbf56af77ed483077b9e4db541/librt-0.15.0-cp313-cp313-manylinux2014_aarch64.manylinux_2_17_aarch64.manylinux_2_28_aarch64.whl", hash = "sha256:55456ea87d8df21808446d03817be2f65e20391c1c615d9187440dff28cd08dc", size = 502568, upload-time = "2026-08-07T10:47:21.652Z" },
    { url = "https://files.pythonhosted.org/packages/7f/81/6450c67c3615d87704bcbc21323fafc69c799b06a044c447529f725d4b01/librt-0.15.0-cp313-cp313-manylinux2014_i686.manylinux_2_17_i686.manylinux_2_28_i686.whl", hash = "sha256:5a86a5a08c2235316bdb359d5dbb6ce0abfca7fac06363103e2c5af571d92f95", size = 496153, upload-time = "2026-08-07T10:47:22.925Z" },
    { url = "https://files.pythonhosted.org/packages/e1/d6/5f52b722bc75076954b3bfd49be15ea362df4d580c6fb315d0f617100d30/librt-0.15.0-cp313-cp313-manylinux2014_ppc64le.manylinux_2_17_ppc64le.manylinux_2_28_ppc64le.whl", hash = "sha256:e56b6a368529bed262da40ce13f8fef590db0479819cca84f16a1f01ac356d0b", size = 513336, upload-time = "2026-08-07T10:47:24.213Z" },
    { url = "https://files.pythonhosted.org/packages/8d/e2/c08fd1d36ce63ea5a12b85c5d37f4550b5f86a692167e41e5a74222607ae/librt-0.15.0-cp313-cp313-manylinux2014_x86_64.manylinux_2_17_x86_64.manylinux_2_28_x86_64.whl", hash = "sha256:234d8d394721fa0d786af15ebf1f3fb7f3ed82fd1cd0cde45c2f247b5d4281d2", size = 531661, upload-time = "2026-08-07T10:47:25.507Z" },
    { url = "https://files.pythonhosted.org/packages/3f/d8/d9482fcbeb177b9eb87bb3899eeb3b42be690313c652f9e146b1d0681fb2/librt-0.15.0-cp313-cp313-manylinux_2_34_riscv64.manylinux_2_39_riscv64.whl", hash = "sha256:d8363d7accb0286ac3a0e633f396e93800dafb8150494505daf9515bbda591f3", size = 524487, upload-time = "2026-08-07T10:47:26.79Z" },
    { url = "https://files.pythonhosted.org/packages/10/cc/075171517b41f861753034fbb151b42cfc83bcc853849f24f5e66fd60ccf/librt-0.15.0-cp313-cp313-musllinux_1_2_aarch64.whl", hash = "sha256:0f0ee3644d951f31055ad07d77d92520e84505dd7a432cc4cd501dd70ee06785", size = 543201, upload-time = "2026-08-07T10:47:27.999Z" },
    { url = "https://files.pythonhosted.org/packages/b0/03/42c2330f37eeb475b6affeedd06518f60035f323af3a839335e3fc9fef2d/librt-0.15.0-cp313-cp313-musllinux_1_2_i686.whl", hash = "sha256:2cfd1a81a648806e6a7717be4cc4d1bb392fa229752bf8444ba365e381e984d6", size = 546467, upload-time = "2026-08-07T10:47:29.396Z" },
    { url = "https://files.pythonhosted.org/packages/57/1e/1ad4c5638f7e64d8560328bd25c54b409a661bdb6ff254b38ff90744288d/librt-0.15.0-cp313-cp313-musllinux_1_2_ppc64le.whl", hash = "sha256:a6cd22c9da0d866558e46a041f1cc0c2bbb26b61b137b2347fa834c332e1d101", size = 555139, upload-time = "2026-08-07T10:47:30.815Z" },
    { url = "https://files.pythonhosted.org/packages/49/41/39fa7d15db1204cd1cbe6514680fbdc243adf754a0885061308f43afc013/librt-0.15.0-cp313-cp313-musllinux_1_2_riscv64.whl", hash = "sha256:6d5225ef8801e4ea5e482fa9b5dfb891dd9ef6f6d870f1f25d449ca2c70ac218", size = 536050, upload-time = "2026-08-07T10:47:32.222Z" },
    { url = "https://files.pythonhosted.org/packages/1e/88/c6dcf0dd8e26dc0c9a499a2abab8646c86dcaf9ecea9524cb46d3686331a/librt-0.15.0-cp313-cp313-musllinux_1_2_x86_64.whl", hash = "sha256:6d28a05796b99f749bf8794f17ba9ba1612d0076b802e9cfc62c554634e9ce3b", size = 573700, upload-time = "2026-08-07T10:47:33.527Z" },
    { url = "https://files.pythonhosted.org/packages/1b/9b/ab54c71a7918a7c34fa5327fb61390a77446a07a146fbfb1165250a61035/librt-0.15.0-cp313-cp313-pyemscripten_2025_0_wasm32.whl", hash = "sha256:2067ff438048cead9d223ca5675bae2a25e520a7c3e6c1498bf9c6892d22caab", size = 82194, upload-time = "2026-08-07T10:47:34.835Z" },
    { url = "https://files.pythonhosted.org/packages/8d/b2/4f9a243bb892395f3becb80789ade13771701091f9f07ab8230247953ba8/librt-0.15.0-cp313-cp313-win32.whl", hash = "sha256:1cd3b721f24c206398b9e26da3c3a9c011e6e89d06f318ba8ebefc30f1003890", size = 106231, upload-time = "2026-08-07T10:47:36.251Z" },
    { url = "https://files.pythonhosted.org/packages/bf/af/64aff4885a40b93132382f2c314647d722574605416504379184ef3045ea/librt-0.15.0-cp313-cp313-win_amd64.whl", hash = "sha256:f395a4a9a03ac062dbe9a9f82e0c720502e590a38feee6a757bc82e9c63afbd8", size = 126996, upload-time = "2026-08-07T10:47:37.453Z" },
    { url = "https://files.pythonhosted.org/packages/27/83/335bccf6c7cb9028cb0b54aead27d9ece3f01f83bc6baa2abace5da655c1/librt-0.15.0-cp313-cp313-win_arm64.whl", hash = "sha256:0a15cb554761247d84a3ec0cbdf4078d70725384f0e4662c0fa3b26266eb60ad", size = 112188, upload-time = "2026-08-07T10:47:38.729Z" },
]

[[package]]
name = "mypy"
version = "1.20.2"
source = { registry = "https://pypi.org/simple" }
dependencies = [
    { name = "librt", marker = "platform_python_implementation != 'PyPy'" },
    { name = "mypy-extensions" },
    { name = "pathspec" },
    { name = "typing-extensions" },
]
sdist = { url = "https://files.pythonhosted.org/packages/04/af/e3d4b3e9ec91a0ff9aabfdb38692952acf49bbb899c2e4c29acb3a6da3ae/mypy-1.20.2.tar.gz", hash = "sha256:e8222c26daaafd9e8626dec58ae36029f82585890589576f769a650dd20fd665", size = 3817349, upload-time = "2026-04-21T17:12:28.473Z" }
wheels = [
    { url = "https://files.pythonhosted.org/packages/5b/c4/b93812d3a192c9bcf5df405bd2f30277cd0e48106a14d1023c7f6ed6e39b/mypy-1.20.2-cp313-cp313-macosx_10_13_x86_64.whl", hash = "sha256:edfbfca868cdd6bd8d974a60f8a3682f5565d3f5c99b327640cedd24c4264026", size = 14524670, upload-time = "2026-04-21T17:10:30.737Z" },
    { url = "https://files.pythonhosted.org/packages/f3/47/42c122501bff18eaf1e8f457f5c017933452d8acdc52918a9f59f6812955/mypy-1.20.2-cp313-cp313-macosx_11_0_arm64.whl", hash = "sha256:e2877a02380adfcdbc69071a0f74d6e9dbbf593c0dc9d174e1f223ffd5281943", size = 13336218, upload-time = "2026-04-21T17:08:44.069Z" },
    { url = "https://files.pythonhosted.org/packages/92/8f/75bbc92f41725fbd585fb17b440b1119b576105df1013622983e18640a93/mypy-1.20.2-cp313-cp313-manylinux2014_aarch64.manylinux_2_17_aarch64.manylinux_2_28_aarch64.whl", hash = "sha256:7488448de6007cd5177c6cea0517ac33b4c0f5ee9b5e9f2be51ce75511a85517", size = 13724906, upload-time = "2026-04-21T17:08:01.02Z" },
    { url = "https://files.pythonhosted.org/packages/a1/32/4c49da27a606167391ff0c39aa955707a00edc500572e562f7c36c08a71f/mypy-1.20.2-cp313-cp313-manylinux2014_x86_64.manylinux_2_17_x86_64.manylinux_2_28_x86_64.whl", hash = "sha256:bb9c2fa06887e21d6a3a868762acb82aec34e2c6fd0174064f27c93ede68ad15", size = 14726046, upload-time = "2026-04-21T17:11:22.354Z" },
    { url = "https://files.pythonhosted.org/packages/7f/fc/4e354a1bd70216359deb0c9c54847ee6b32ef78dfb09f5131ff99b494078/mypy-1.20.2-cp313-cp313-musllinux_1_2_x86_64.whl", hash = "sha256:9d56a78b646f2e3daa865bc70cd5ec5a46c50045801ca8ff17a0c43abc97e3ee", size = 14955587, upload-time = "2026-04-21T17:12:16.033Z" },
    { url = "https://files.pythonhosted.org/packages/62/b2/c0f2056e9eb8f08c62cafd9715e4584b89132bdc832fcf85d27d07b5f3e5/mypy-1.20.2-cp313-cp313-win_amd64.whl", hash = "sha256:2a4102b03bb7481d9a91a6da8d174740c9c8c4401024684b9ca3b7cc5e49852f", size = 10922681, upload-time = "2026-04-21T17:06:35.842Z" },
    { url = "https://files.pythonhosted.org/packages/e5/14/065e333721f05de8ef683d0aa804c23026bcc287446b61cac657b902ccac/mypy-1.20.2-cp313-cp313-win_arm64.whl", hash = "sha256:a95a9248b0c6fd933a442c03c3b113c3b61320086b88e2c444676d3fd1ca3330", size = 9830560, upload-time = "2026-04-21T17:07:51.023Z" },
    { url = "https://files.pythonhosted.org/packages/28/9a/f23c163e25b11074188251b0b5a0342625fc1cdb6af604757174fa9acc9b/mypy-1.20.2-py3-none-any.whl", hash = "sha256:a94c5a76ab46c5e6257c7972b6c8cff0574201ca7dc05647e33e795d78680563", size = 2637314, upload-time = "2026-04-21T17:05:54.5Z" },
]

[[package]]
name = "mypy-extensions"
version = "1.1.0"
source = { registry = "https://pypi.org/simple" }
sdist = { url = "https://files.pythonhosted.org/packages/a2/6e/371856a3fb9d31ca8dac321cda606860fa4548858c0cc45d9d1d4ca2628b/mypy_extensions-1.1.0.tar.gz", hash = "sha256:52e68efc3284861e772bbcd66823fde5ae21fd2fdb51c62a211403730b916558", size = 6343, upload-time = "2025-04-22T14:54:24.164Z" }
wheels = [
    { url = "https://files.pythonhosted.org/packages/79/7b/2c79738432f5c924bef5071f933bcc9efd0473bac3b4aa584a6f7c1c8df8/mypy_extensions-1.1.0-py3-none-any.whl", hash = "sha256:1be4cccdb0f2482337c4743e60421de3a356cd97508abadd57d47403e94f5505", size = 4963, upload-time = "2025-04-22T14:54:22.983Z" },
]

[[package]]
name = "packaging"
version = "26.3"
source = { registry = "https://pypi.org/simple" }
sdist = { url = "https://files.pythonhosted.org/packages/7d/fa/3944b40b07da9ce895c0e6303a5ab7d53da063554f534556b134a54d6093/packaging-26.3.tar.gz", hash = "sha256:94edc256424af38762eb31306eed28beb9f0efc50a8837492c9d6fd6004aed79", size = 313412, upload-time = "2026-08-04T18:15:28.737Z" }
wheels = [
    { url = "https://files.pythonhosted.org/packages/63/34/ba1c580383c9eada3711951fef0795c80b829a078d72188184bcab9dd527/packaging-26.3-py3-none-any.whl", hash = "sha256:d7193f7c8e4e93f444fde0262bf90af30e16fa0ad0ad44cb553c87339b23cd1c", size = 129956, upload-time = "2026-08-04T18:15:27.159Z" },
]

[[package]]
name = "pathspec"
version = "1.1.1"
source = { registry = "https://pypi.org/simple" }
sdist = { url = "https://files.pythonhosted.org/packages/5a/82/42f767fc1c1143d6fd36efb827202a2d997a375e160a71eb2888a925aac1/pathspec-1.1.1.tar.gz", hash = "sha256:17db5ecd524104a120e173814c90367a96a98d07c45b2e10c2f3919fff91bf5a", size = 135180, upload-time = "2026-04-27T01:46:08.907Z" }
wheels = [
    { url = "https://files.pythonhosted.org/packages/f1/d9/7fb5aa316bc299258e68c73ba3bddbc499654a07f151cba08f6153988714/pathspec-1.1.1-py3-none-any.whl", hash = "sha256:a00ce642f577bf7f473932318056212bc4f8bfdf53128c78bbd5af0b9b20b189", size = 57328, upload-time = "2026-04-27T01:46:07.06Z" },
]

[[package]]
name = "pluggy"
version = "1.6.0"
source = { registry = "https://pypi.org/simple" }
sdist = { url = "https://files.pythonhosted.org/packages/f9/e2/3e91f31a7d2b083fe6ef3fa267035b518369d9511ffab804f839851d2779/pluggy-1.6.0.tar.gz", hash = "sha256:7dcc130b76258d33b90f61b658791dede3486c3e6bfb003ee5c9bfb396dd22f3", size = 69412, upload-time = "2025-05-15T12:30:07.975Z" }
wheels = [
    { url = "https://files.pythonhosted.org/packages/54/20/4d324d65cc6d9205fabedc306948156824eb9f0ee1633355a8f7ec5c66bf/pluggy-1.6.0-py3-none-any.whl", hash = "sha256:e920276dd6813095e9377c0bc5566d94c932c33b27a3e3945d8389c374dd4746", size = 20538, upload-time = "2025-05-15T12:30:06.134Z" },
]

[[package]]
name = "pygments"
version = "2.21.0"
source = { registry = "https://pypi.org/simple" }
sdist = { url = "https://files.pythonhosted.org/packages/49/2e/ced460408999b33da6b31b0021b0f37d329e202d4169aeb164493778f25b/pygments-2.21.0.tar.gz", hash = "sha256:610ca751c9bc2492b38eb9a38a7fbc93edbbb2d7182edaf34e66ae493dee5c8c", size = 5005329, upload-time = "2026-08-17T08:02:48.824Z" }
wheels = [
    { url = "https://files.pythonhosted.org/packages/71/46/17f022dd3e953bf20a04a028a21ec746d942f8d2af30fa0f124fa0e6a684/pygments-2.21.0-py3-none-any.whl", hash = "sha256:2363c69b61c4a97c838da3b130dcd6468f4848992b21a82f2a63ec34377137d9", size = 1250147, upload-time = "2026-08-17T08:02:44.912Z" },
]

[[package]]
name = "pyspd"
version = "0.1.0"
source = { virtual = "." }

[package.dev-dependencies]
dev = [
    { name = "hypothesis" },
    { name = "mypy" },
    { name = "pytest" },
    { name = "pytest-cov" },
    { name = "pytest-timeout" },
    { name = "ruff" },
]

[package.metadata]

[package.metadata.requires-dev]
dev = [
    { name = "hypothesis", specifier = ">=6,<7" },
    { name = "mypy", specifier = ">=1,<2" },
    { name = "pytest", specifier = ">=9,<10" },
    { name = "pytest-cov", specifier = ">=7,<8" },
    { name = "pytest-timeout", specifier = ">=2,<3" },
    { name = "ruff", specifier = ">=0.12,<1" },
]

[[package]]
name = "pytest"
version = "9.1.1"
source = { registry = "https://pypi.org/simple" }
dependencies = [
    { name = "colorama", marker = "sys_platform == 'win32'" },
    { name = "iniconfig" },
    { name = "packaging" },
    { name = "pluggy" },
    { name = "pygments" },
]
sdist = { url = "https://files.pythonhosted.org/packages/e4/47/b9efed96c114afcfa3c9d3fe98a76a1d14c74a9e266d397cf6eb64be5e01/pytest-9.1.1.tar.gz", hash = "sha256:1088fbde8f2b49d95a549a195707afa7a76a3ce9bcadc26b6d71f0ffda5fe313", size = 1636369, upload-time = "2026-06-19T10:58:32.857Z" }
wheels = [
    { url = "https://files.pythonhosted.org/packages/24/25/1de2678b631f5a49215c6c96fff41ba892b0a34df68d6d80292b1b48aa7f/pytest-9.1.1-py3-none-any.whl", hash = "sha256:37a86b45efb9a47a61a36449063e8e18d0cab3161329fc099eb21783169c4f0c", size = 386536, upload-time = "2026-06-19T10:58:31.347Z" },
]

[[package]]
name = "pytest-cov"
version = "7.1.0"
source = { registry = "https://pypi.org/simple" }
dependencies = [
    { name = "coverage" },
    { name = "pluggy" },
    { name = "pytest" },
]
sdist = { url = "https://files.pythonhosted.org/packages/b1/51/a849f96e117386044471c8ec2bd6cfebacda285da9525c9106aeb28da671/pytest_cov-7.1.0.tar.gz", hash = "sha256:30674f2b5f6351aa09702a9c8c364f6a01c27aae0c1366ae8016160d1efc56b2", size = 55592, upload-time = "2026-03-21T20:11:16.284Z" }
wheels = [
    { url = "https://files.pythonhosted.org/packages/9d/7a/d968e294073affff457b041c2be9868a40c1c71f4a35fcc1e45e5493067b/pytest_cov-7.1.0-py3-none-any.whl", hash = "sha256:a0461110b7865f9a271aa1b51e516c9a95de9d696734a2f71e3e78f46e1d4678", size = 22876, upload-time = "2026-03-21T20:11:14.438Z" },
]

[[package]]
name = "pytest-timeout"
version = "2.4.0"
source = { registry = "https://pypi.org/simple" }
dependencies = [
    { name = "pytest" },
]
sdist = { url = "https://files.pythonhosted.org/packages/ac/82/4c9ecabab13363e72d880f2fb504c5f750433b2b6f16e99f4ec21ada284c/pytest_timeout-2.4.0.tar.gz", hash = "sha256:7e68e90b01f9eff71332b25001f85c75495fc4e3a836701876183c4bcfd0540a", size = 17973, upload-time = "2025-05-05T19:44:34.99Z" }
wheels = [
    { url = "https://files.pythonhosted.org/packages/fa/b6/3127540ecdf1464a00e5a01ee60a1b09175f6913f0644ac748494d9c4b21/pytest_timeout-2.4.0-py3-none-any.whl", hash = "sha256:c42667e5cdadb151aeb5b26d114aff6bdf5a907f176a007a30b940d3d865b5c2", size = 14382, upload-time = "2025-05-05T19:44:33.502Z" },
]

[[package]]
name = "ruff"
version = "0.16.5"
source = { registry = "https://pypi.org/simple" }
sdist = { url = "https://files.pythonhosted.org/packages/f3/85/c8e12473c93018f92d19dd988a294202e1c27426c47ec4de53ffb847b8d8/ruff-0.16.5.tar.gz", hash = "sha256:1b88500f9ffbcab3dedb0082c9f9492e91ec3d618aac1236a3e0189938f7040b", size = 4912003, upload-time = "2026-08-27T16:34:18.258Z" }
wheels = [
    { url = "https://files.pythonhosted.org/packages/c6/b6/77c90a970fe2dae17a723acbd011043ea97c98d7deacccefdc4ba74ec512/ruff-0.16.5-py3-none-linux_armv6l.whl", hash = "sha256:12e5f673e774c35fbb62f288809c7653b73445f8ecec6b6063fd6ea3521aa14b", size = 10011941, upload-time = "2026-08-27T16:33:41.287Z" },
    { url = "https://files.pythonhosted.org/packages/4b/46/6cf67cf6411885a1d6f7f6d801682f155536a85176d10b605e2ceffed8bd/ruff-0.16.5-py3-none-macosx_10_12_x86_64.whl", hash = "sha256:eda58a5802de40e7ed5b32b64e0b32539338cc6fcd2c78f61e3ad6a0d79f51c3", size = 10204049, upload-time = "2026-08-27T16:33:44.056Z" },
    { url = "https://files.pythonhosted.org/packages/46/fd/c8720ca7a090abf0c2fef4abe8a5ef6e5127ed15196d8886ff75a2b370e2/ruff-0.16.5-py3-none-macosx_11_0_arm64.whl", hash = "sha256:c5ae9a7b9a8875131f40f8fe967cc86abf899779efd663cb7ce3d572d01da7eb", size = 9809037, upload-time = "2026-08-27T16:33:46.257Z" },
    { url = "https://files.pythonhosted.org/packages/43/45/a684caacdedaca180f52bacccc40bf0789d2c5a7c75f25324853e9eaedb5/ruff-0.16.5-py3-none-manylinux_2_17_aarch64.manylinux2014_aarch64.whl", hash = "sha256:7b719b0a1f4d59710d283ab2965f621684a108a9e41da622e3b23f0326cd0025", size = 9964129, upload-time = "2026-08-27T16:33:48.352Z" },
    { url = "https://files.pythonhosted.org/packages/9e/f2/5d2bcdaca6b5b93d1b4dfc166cd2aebf7680143a1b38a28759df13a94d31/ruff-0.16.5-py3-none-manylinux_2_17_armv7l.manylinux2014_armv7l.whl", hash = "sha256:2298f2780ed1be0c5cb1361e32ab7b1467f3cce7dabe101d2210a314f2fe42e9", size = 9821518, upload-time = "2026-08-27T16:33:50.57Z" },
    { url = "https://files.pythonhosted.org/packages/aa/ff/011cce29accf9257d5974145b733fc653a37985ed6825413a3987cefbfe0/ruff-0.16.5-py3-none-manylinux_2_17_i686.manylinux2014_i686.whl", hash = "sha256:258f29035a2dd021e7861e631b227a5b3f14e50c1184c9a6a122c5f4576154d7", size = 10534835, upload-time = "2026-08-27T16:33:52.522Z" },
    { url = "https://files.pythonhosted.org/packages/d7/5a/f0cf109bada9bba0e96c90c21c9f9251803f57225c32d293327a03c710d6/ruff-0.16.5-py3-none-manylinux_2_17_ppc64le.manylinux2014_ppc64le.whl", hash = "sha256:b9a4f0432966834019c74d1b7e5c51224305d7713f3d7faf3e7451f1a3be3cde", size = 11252550, upload-time = "2026-08-27T16:33:54.521Z" },
    { url = "https://files.pythonhosted.org/packages/63/4d/1d481aaea2046c6a7ed7c291f9004c669cce3c087b6b376ed5b08271e3fe/ruff-0.16.5-py3-none-manylinux_2_17_s390x.manylinux2014_s390x.whl", hash = "sha256:b5eb3a8c3d0ade9cea42b591fd530368e8798380e30e0a308b85a5cf718f09ea", size = 10777949, upload-time = "2026-08-27T16:33:56.88Z" },
    { url = "https://files.pythonhosted.org/packages/ee/34/ee245ca55f64443233034b3d02b03236b19242004281247c079390b7facd/ruff-0.16.5-py3-none-manylinux_2_17_x86_64.manylinux2014_x86_64.whl", hash = "sha256:ef0f69e191a13a3c9816f63163c88790cb12cd157bbbb384e9c44745702ab105", size = 10311656, upload-time = "2026-08-27T16:33:59.12Z" },
    { url = "https://files.pythonhosted.org/packages/a7/4d/c33a333e341c0a2b96c715b52d89a606f5a34cd4ac493cd9b8d0187186b8/ruff-0.16.5-py3-none-manylinux_2_31_riscv64.whl", hash = "sha256:0eeab41fbea2c42f98dfb9822cdccda9d24ba38d49f6dc945b5c236d48f0ef29", size = 10532125, upload-time = "2026-08-27T16:34:01.166Z" },
    { url = "https://files.pythonhosted.org/packages/30/e1/a64cef78b40192497bb98a27a8aa8f2c98ee9ee15bc97f7712d94ef32937/ruff-0.16.5-py3-none-musllinux_1_2_aarch64.whl", hash = "sha256:f0768e9df4300713fff30733c87575f68b6f1d8de41184e505b7fdd9c0c95eaf", size = 10097648, upload-time = "2026-08-27T16:34:03.16Z" },
    { url = "https://files.pythonhosted.org/packages/cc/4e/4cdc9ed3c3e109d2f71e62572a37457298d7bc7501ec3138babb7ed32bbd/ruff-0.16.5-py3-none-musllinux_1_2_armv7l.whl", hash = "sha256:95cc70cdc7aa80c338de356279d2adbeb2de0f520b9ecd8aba75b94e95e02f91", size = 9829344, upload-time = "2026-08-27T16:34:05.134Z" },
    { url = "https://files.pythonhosted.org/packages/39/4a/31ed35ce31729955fc583ee0d176d6e784c1290cb0b0a75cb2134c1ab72a/ruff-0.16.5-py3-none-musllinux_1_2_i686.whl", hash = "sha256:d185c8398ded1bfd91c0c2cb258346307571eccc473a8490af8c3977399c384a", size = 10277117, upload-time = "2026-08-27T16:34:07.425Z" },
    { url = "https://files.pythonhosted.org/packages/a8/a0/60356d86687b4b666d593df213f4dc3041750d024cb7bf2cfa81cfd65c2e/ruff-0.16.5-py3-none-musllinux_1_2_x86_64.whl", hash = "sha256:fb8e3a3c4c6a784150a7ced53b015f4b253fc2bf97a610886419ead64b4756ef", size = 10711653, upload-time = "2026-08-27T16:34:09.712Z" },
    { url = "https://files.pythonhosted.org/packages/ed/20/656d67f5b25ca9bda4e02b1de25867b2954e1d19e03648060f167ad0f4cc/ruff-0.16.5-py3-none-win32.whl", hash = "sha256:288b0a5f080492fe5635db849f9e2e84aa3cce7b7f0e955997d416c507c76a26", size = 10034250, upload-time = "2026-08-27T16:34:11.8Z" },
    { url = "https://files.pythonhosted.org/packages/5b/42/ee8e68a207b9127fcde6c3d7e197def432f346cb1af159e1fa14ca0d1cdc/ruff-0.16.5-py3-none-win_amd64.whl", hash = "sha256:ddc6385fb2137f616357ca03d6c74f4be987f80fed4008566b754f6032b8546f", size = 10516714, upload-time = "2026-08-27T16:34:13.963Z" },
    { url = "https://files.pythonhosted.org/packages/73/e3/7df5a396e445b9ba49ce9a9437439a4d80042c61c0ade199abf8d16de1ac/ruff-0.16.5-py3-none-win_arm64.whl", hash = "sha256:a64abe90968719b851bb7cedffaa8753fbdbdadab483089682db623f3edc587e", size = 10391564, upload-time = "2026-08-27T16:34:16.064Z" },
]

[[package]]
name = "sortedcontainers"
version = "2.4.0"
source = { registry = "https://pypi.org/simple" }
sdist = { url = "https://files.pythonhosted.org/packages/e8/c4/ba2f8066cceb6f23394729afe52f3bf7adec04bf9ed2c820b39e19299111/sortedcontainers-2.4.0.tar.gz", hash = "sha256:25caa5a06cc30b6b83d11423433f65d1f9d76c4c6a0c90e3379eaa43b9bfdb88", size = 30594, upload-time = "2021-05-16T22:03:42.897Z" }
wheels = [
    { url = "https://files.pythonhosted.org/packages/32/46/9cb0e58b2deb7f82b84065f37f3bffeb12413f947f9388e4cac22c4621ce/sortedcontainers-2.4.0-py2.py3-none-any.whl", hash = "sha256:a163dcaede0f1c021485e957a39245190e74249897e2ae4b2aa38595db237ee0", size = 29575, upload-time = "2021-05-16T22:03:41.177Z" },
]

[[package]]
name = "typing-extensions"
version = "4.16.0"
source = { registry = "https://pypi.org/simple" }
sdist = { url = "https://files.pythonhosted.org/packages/f6/cc/6253133b5bb138fc3306cebfbda2c520f545d36b5be2c7255cc528bb45d6/typing_extensions-4.16.0.tar.gz", hash = "sha256:dc983d19a509c94dba722ee6abd33940f7c05a89e243c47e907eb4db6f1a43e5", size = 113555, upload-time = "2026-07-02T08:40:05.92Z" }
wheels = [
    { url = "https://files.pythonhosted.org/packages/49/d3/b8441a820a491ddfc024b0b0cf0393375b75ea13866d9c66727e54c2fc80/typing_extensions-4.16.0-py3-none-any.whl", hash = "sha256:481caa481374e813c1b176ada14e97f1f67a4539ce9cfeb3f350d78d6370c2e8", size = 45571, upload-time = "2026-07-02T08:40:04.659Z" },
]
